
Microsoft Visual Studio Solution File, Format Version 12.00
# Visual Studio Version 17
VisualStudioVersion = 17.7.34031.279
MinimumVisualStudioVersion = 10.0.40219.1
Project("{9A19103F-16F7-4668-BE54-9A1E7A4F7556}") = "ProtoAcademyAPI", "ProtoAcademyAPI\ProtoAcademyAPI.csproj", "{4A20AB3C-FD9B-4780-8803-7A52D7782742}"
EndProject
Project("{FAE04EC0-301F-11D3-BF4B-00C04F79EFBC}") = "Domain", "Domain\Domain.csproj", "{AB07B04B-6CAC-407C-87B6-4BF1A12CC9A2}"
EndProject
Project("{FAE04EC0-301F-11D3-BF4B-00C04F79EFBC}") = "Application", "Application\Application.csproj", "{BD279CE3-AF61-4E90-84C1-92FB793D3228}"
EndProject
Project("{FAE04EC0-301F-11D3-BF4B-00C04F79EFBC}") = "Infra", "Infra\Infra.csproj", "{C74B5619-38E2-4A60-8BEC-2B468BEE41E8}"
EndProject
Global
	GlobalSection(SolutionConfigurationPlatforms) = preSolution
		Debug|Any CPU = Debug|Any CPU
		Release|Any CPU = Release|Any CPU
	EndGlobalSection
	GlobalSection(ProjectConfigurationPlatforms) = postSolution
		{4A20AB3C-FD9B-4780-8803-7A52D7782742}.Debug|Any CPU.ActiveCfg = Debug|Any CPU
		{4A20AB3C-FD9B-4780-8803-7A52D7782742}.Debug|Any CPU.Build.0 = Debug|Any CPU
		{4A20AB3C-FD9B-4780-8803-7A52D7782742}.Release|Any CPU.ActiveCfg = Release|Any CPU
		{4A20AB3C-FD9B-4780-8803-7A52D7782742}.Release|Any CPU.Build.0 = Release|Any CPU
		{AB07B04B-6CAC-407C-87B6-4BF1A12CC9A2}.Debug|Any CPU.ActiveCfg = Debug|Any CPU
		{AB07B04B-6CAC-407C-87B6-4BF1A12CC9A2}.Debug|Any CPU.Build.0 = Debug|Any CPU
		{AB07B04B-6CAC-407C-87B6-4BF1A12CC9A2}.Release|Any CPU.ActiveCfg = Release|Any CPU
		{AB07B04B-6CAC-407C-87B6-4BF1A12CC9A2}.Release|Any CPU.Build.0 = Release|Any CPU
		{BD279CE3-AF61-4E90-84C1-92FB793D3228}.Debug|Any CPU.ActiveCfg = Debug|Any CPU
		{BD279CE3-AF61-4E90-84C1-92FB793D3228}.Debug|Any CPU.Build.0 = Debug|Any CPU
		{BD279CE3-AF61-4E90-84C1-92FB793D3228}.Release|Any CPU.ActiveCfg = Release|Any CPU
		{BD279CE3-AF61-4E90-84C1-92FB793D3228}.Release|Any CPU.Build.0 = Release|Any CPU
		{C74B5619-38E2-4A60-8BEC-2B468BEE41E8}.Debug|Any CPU.ActiveCfg = Debug|Any CPU
		{C74B5619-38E2-4A60-8BEC-2B468BEE41E8}.Debug|Any CPU.Build.0 = Debug|Any CPU
		{C74B5619-38E2-4A60-8BEC-2B468BEE41E8}.Release|Any CPU.ActiveCfg = Release|Any CPU
		{C74B5619-38E2-4A60-8BEC-2B468BEE41E8}.Release|Any CPU.Build.0 = Release|Any CPU
	EndGlobalSection
	GlobalSection(SolutionProperties) = preSolution
		HideSolutionNode = FALSE
	EndGlobalSection
	GlobalSection(ExtensibilityGlobals) = postSolution
		SolutionGuid = {408DFCE6-DEBC-47B4-B911-4EC957E9E747}
	EndGlobalSection
EndGlobal
